
Microsoft Visual Studio Solution File, Format Version 12.00
# Visual Studio Version 16
VisualStudioVersion = 16.0.29920.165
MinimumVisualStudioVersion = 10.0.40219.1
Project("{FAE04EC0-301F-11D3-BF4B-00C04F79EFBC}") = "CalculaIdade_poo", "CalculaIdade_poo\CalculaIdade_poo.csproj", "{9EA5A106-5CA6-473E-B12E-85435F6B717D}"
EndProject
Global
	GlobalSection(SolutionConfigurationPlatforms) = preSolution
		Debug|Any CPU = Debug|Any CPU
		Release|Any CPU = Release|Any CPU
	EndGlobalSection
	GlobalSection(ProjectConfigurationPlatforms) = postSolution
		{9EA5A106-5CA6-473E-B12E-85435F6B717D}.Debug|Any CPU.ActiveCfg = Debug|Any CPU
		{9EA5A106-5CA6-473E-B12E-85435F6B717D}.Debug|Any CPU.Build.0 = Debug|Any CPU
		{9EA5A106-5CA6-473E-B12E-85435F6B717D}.Release|Any CPU.ActiveCfg = Release|Any CPU
		{9EA5A106-5CA6-473E-B12E-85435F6B717D}.Release|Any CPU.Build.0 = Release|Any CPU
	EndGlobalSection
	GlobalSection(SolutionProperties) = preSolution
		HideSolutionNode = FALSE
	EndGlobalSection
	GlobalSection(ExtensibilityGlobals) = postSolution
		SolutionGuid = {A6C5E737-D07A-4135-956A-0955355D9C2B}
	EndGlobalSection
EndGlobal
